
Microsoft Visual Studio Solution File, Format Version 12.00
# Visual Studio Version 16
VisualStudioVersion = 16.0.29911.84
MinimumVisualStudioVersion = 10.0.40219.1
Project("{FAE04EC0-301F-11D3-BF4B-00C04F79EFBC}") = "DataAccess", "DataAccess\DataAccess.csproj", "{2B3F492C-B01C-4CCC-9CF6-A3E1DF6E3CBD}"
EndProject
Project("{FAE04EC0-301F-11D3-BF4B-00C04F79EFBC}") = "Business", "Business\Business.csproj", "{8F004D5C-B86A-4A56-912E-FD6900A7DD69}"
EndProject
Project("{FAE04EC0-301F-11D3-BF4B-00C04F79EFBC}") = "Entities", "Entities\Entities.csproj", "{143CAA0D-DA7E-44FC-BCC7-D112A6C56D62}"
EndProject
Project("{FAE04EC0-301F-11D3-BF4B-00C04F79EFBC}") = "Core", "Core\Core.csproj", "{9DF89425-30F8-4333-897D-F2B3A372E4EB}"
EndProject
Project("{FAE04EC0-301F-11D3-BF4B-00C04F79EFBC}") = "WebAPI", "WebAPI\WebAPI.csproj", "{64AB5032-A143-472E-8F3C-36905608B2EB}"
EndProject
Global
	GlobalSection(SolutionConfigurationPlatforms) = preSolution
		Debug|Any CPU = Debug|Any CPU
		Release|Any CPU = Release|Any CPU
	EndGlobalSection
	GlobalSection(ProjectConfigurationPlatforms) = postSolution
		{2B3F492C-B01C-4CCC-9CF6-A3E1DF6E3CBD}.Debug|Any CPU.ActiveCfg = Debug|Any CPU
		{2B3F492C-B01C-4CCC-9CF6-A3E1DF6E3CBD}.Debug|Any CPU.Build.0 = Debug|Any CPU
		{2B3F492C-B01C-4CCC-9CF6-A3E1DF6E3CBD}.Release|Any CPU.ActiveCfg = Release|Any CPU
		{2B3F492C-B01C-4CCC-9CF6-A3E1DF6E3CBD}.Release|Any CPU.Build.0 = Release|Any CPU
		{8F004D5C-B86A-4A56-912E-FD6900A7DD69}.Debug|Any CPU.ActiveCfg = Debug|Any CPU
		{8F004D5C-B86A-4A56-912E-FD6900A7DD69}.Debug|Any CPU.Build.0 = Debug|Any CPU
		{8F004D5C-B86A-4A56-912E-FD6900A7DD69}.Release|Any CPU.ActiveCfg = Release|Any CPU
		{8F004D5C-B86A-4A56-912E-FD6900A7DD69}.Release|Any CPU.Build.0 = Release|Any CPU
		{143CAA0D-DA7E-44FC-BCC7-D112A6C56D62}.Debug|Any CPU.ActiveCfg = Debug|Any CPU
		{143CAA0D-DA7E-44FC-BCC7-D112A6C56D62}.Debug|Any CPU.Build.0 = Debug|Any CPU
		{143CAA0D-DA7E-44FC-BCC7-D112A6C56D62}.Release|Any CPU.ActiveCfg = Release|Any CPU
		{143CAA0D-DA7E-44FC-BCC7-D112A6C56D62}.Release|Any CPU.Build.0 = Release|Any CPU
		{9DF89425-30F8-4333-897D-F2B3A372E4EB}.Debug|Any CPU.ActiveCfg = Debug|Any CPU
		{9DF89425-30F8-4333-897D-F2B3A372E4EB}.Debug|Any CPU.Build.0 = Debug|Any CPU
		{9DF89425-30F8-4333-897D-F2B3A372E4EB}.Release|Any CPU.ActiveCfg = Release|Any CPU
		{9DF89425-30F8-4333-897D-F2B3A372E4EB}.Release|Any CPU.Build.0 = Release|Any CPU
		{64AB5032-A143-472E-8F3C-36905608B2EB}.Debug|Any CPU.ActiveCfg = Debug|Any CPU
		{64AB5032-A143-472E-8F3C-36905608B2EB}.Debug|Any CPU.Build.0 = Debug|Any CPU
		{64AB5032-A143-472E-8F3C-36905608B2EB}.Release|Any CPU.ActiveCfg = Release|Any CPU
		{64AB5032-A143-472E-8F3C-36905608B2EB}.Release|Any CPU.Build.0 = Release|Any CPU
	EndGlobalSection
	GlobalSection(SolutionProperties) = preSolution
		HideSolutionNode = FALSE
	EndGlobalSection
	GlobalSection(ExtensibilityGlobals) = postSolution
		SolutionGuid = {2EA04916-930D-49A8-A1F9-B9ACEE65EEC4}
	EndGlobalSection
EndGlobal
